{
  "version": 4,
  "terraform_version": "1.4.2",
  "serial": 8,
  "lineage": "50d4c08f-4877-2557-da72-f44dd904e696",
  "outputs": {},
  "resources": [
    {
      "mode": "managed",
      "type": "aws_api_gateway_deployment",
      "name": "TctSQ",
      "provider": "provider[\"registry.terraform.io/hashicorp/aws\"]",
      "instances": [
        {
          "schema_version": 0,
          "attributes": {
            "created_date": "2023-01-08T03:31:45Z",
            "description": "",
            "execution_arn": "arn:aws:execute-api:us-east-2:248882477880:ayu3ot44vf/",
            "id": "3cuc55",
            "invoke_url": "https://ayu3ot44vf.execute-api.us-east-2.amazonaws.com/",
            "rest_api_id": "ayu3ot44vf",
            "stage_description": null,
            "stage_name": null,
            "triggers": null,
            "variables": null
          },
          "sensitive_attributes": [],
          "private": "eyJzY2hlbWFfdmVyc2lvbiI6MH0=",
          "dependencies": [
            "aws_api_gateway_rest_api.ayu3ot44vf"
          ]
        }
      ]
    },
    {
      "mode": "managed",
      "type": "aws_api_gateway_deployment",
      "name": "mermw8_ayu3ot44vf",
      "provider": "provider[\"registry.terraform.io/hashicorp/aws\"]",
      "instances": [
        {
          "schema_version": 0,
          "attributes": {
            "created_date": "2023-01-03T01:06:52Z",
            "description": "",
            "execution_arn": "arn:aws:execute-api:us-east-2:248882477880:ayu3ot44vf/",
            "id": "mermw8",
            "invoke_url": "https://ayu3ot44vf.execute-api.us-east-2.amazonaws.com/",
            "rest_api_id": "ayu3ot44vf",
            "stage_description": null,
            "stage_name": null,
            "triggers": null,
            "variables": null
          },
          "sensitive_attributes": [],
          "private": "eyJzY2hlbWFfdmVyc2lvbiI6MH0=",
          "dependencies": [
            "aws_api_gateway_rest_api.ayu3ot44vf"
          ]
        }
      ]
    },
    {
      "mode": "managed",
      "type": "aws_api_gateway_deployment",
      "name": "nqpXd",
      "provider": "provider[\"registry.terraform.io/hashicorp/aws\"]",
      "instances": [
        {
          "schema_version": 0,
          "attributes": {
            "created_date": "2023-01-03T00:16:44Z",
            "description": "",
            "execution_arn": "arn:aws:execute-api:us-east-2:248882477880:ayu3ot44vf/",
            "id": "5forsh",
            "invoke_url": "https://ayu3ot44vf.execute-api.us-east-2.amazonaws.com/",
            "rest_api_id": "ayu3ot44vf",
            "stage_description": null,
            "stage_name": null,
            "triggers": null,
            "variables": null
          },
          "sensitive_attributes": [],
          "private": "eyJzY2hlbWFfdmVyc2lvbiI6MH0=",
          "dependencies": [
            "aws_api_gateway_rest_api.ayu3ot44vf"
          ]
        }
      ]
    },
    {
      "mode": "managed",
      "type": "aws_api_gateway_resource",
      "name": "ayu3ot44vf_8yct27m244",
      "provider": "provider[\"registry.terraform.io/hashicorp/aws\"]",
      "instances": [
        {
          "schema_version": 0,
          "attributes": {
            "id": "8yct27m244",
            "parent_id": "",
            "path": "/",
            "path_part": "",
            "rest_api_id": "ayu3ot44vf"
          },
          "sensitive_attributes": [],
          "private": "eyJzY2hlbWFfdmVyc2lvbiI6MH0=",
          "dependencies": [
            "aws_api_gateway_rest_api.ayu3ot44vf"
          ]
        }
      ]
    },
    {
      "mode": "managed",
      "type": "aws_api_gateway_resource",
      "name": "ayu3ot44vf_bpmsj2",
      "provider": "provider[\"registry.terraform.io/hashicorp/aws\"]",
      "instances": [
        {
          "schema_version": 0,
          "attributes": {
            "id": "bpmsj2",
            "parent_id": "8yct27m244",
            "path": "/dynamodbmanager",
            "path_part": "dynamodbmanager",
            "rest_api_id": "ayu3ot44vf"
          },
          "sensitive_attributes": [],
          "private": "eyJzY2hlbWFfdmVyc2lvbiI6MH0=",
          "dependencies": [
            "aws_api_gateway_rest_api.ayu3ot44vf"
          ]
        }
      ]
    },
    {
      "mode": "managed",
      "type": "aws_api_gateway_rest_api",
      "name": "ayu3ot44vf",
      "provider": "provider[\"registry.terraform.io/hashicorp/aws\"]",
      "instances": [
        {
          "schema_version": 0,
          "attributes": {
            "api_key_source": "HEADER",
            "arn": "arn:aws:apigateway:us-east-2::/restapis/ayu3ot44vf",
            "binary_media_types": [],
            "body": null,
            "created_date": "2023-01-02T18:31:17Z",
            "description": "",
            "disable_execute_api_endpoint": false,
            "endpoint_configuration": [
              {
                "types": [
                  "REGIONAL"
                ],
                "vpc_endpoint_ids": []
              }
            ],
            "execution_arn": "arn:aws:execute-api:us-east-2:248882477880:ayu3ot44vf",
            "id": "ayu3ot44vf",
            "minimum_compression_size": -1,
            "name": "Visitor_Counter",
            "parameters": null,
            "policy": "",
            "put_rest_api_mode": null,
            "root_resource_id": "8yct27m244",
            "tags": {},
            "tags_all": {}
          },
          "sensitive_attributes": [],
          "private": "eyJzY2hlbWFfdmVyc2lvbiI6MH0="
        }
      ]
    },
    {
      "mode": "managed",
      "type": "aws_api_gateway_stage",
      "name": "ayu3ot44vf_prod",
      "provider": "provider[\"registry.terraform.io/hashicorp/aws\"]",
      "instances": [
        {
          "schema_version": 0,
          "attributes": {
            "access_log_settings": [],
            "arn": "arn:aws:apigateway:us-east-2::/restapis/ayu3ot44vf/stages/Prod",
            "cache_cluster_enabled": false,
            "cache_cluster_size": "",
            "canary_settings": [],
            "client_certificate_id": "",
            "deployment_id": "3cuc55",
            "description": "",
            "documentation_version": "",
            "execution_arn": "arn:aws:execute-api:us-east-2:248882477880:ayu3ot44vf/Prod",
            "id": "ags-ayu3ot44vf-Prod",
            "invoke_url": "https://ayu3ot44vf.execute-api.us-east-2.amazonaws.com/Prod",
            "rest_api_id": "ayu3ot44vf",
            "stage_name": "Prod",
            "tags": {},
            "tags_all": {},
            "variables": {},
            "web_acl_arn": "",
            "xray_tracing_enabled": false
          },
          "sensitive_attributes": [],
          "private": "eyJzY2hlbWFfdmVyc2lvbiI6MH0=",
          "dependencies": [
            "aws_api_gateway_deployment.TctSQ",
            "aws_api_gateway_rest_api.ayu3ot44vf"
          ]
        }
      ]
    },
    {
      "mode": "managed",
      "type": "aws_cloudfront_distribution",
      "name": "e3dvy02xdmlnpf",
      "provider": "provider[\"registry.terraform.io/hashicorp/aws\"]",
      "instances": [
        {
          "schema_version": 1,
          "attributes": {
            "aliases": [
              "eric-j-anderson.com",
              "www.eric-j-anderson.com"
            ],
            "arn": "arn:aws:cloudfront::248882477880:distribution/E3DVY02XDMLNPF",
            "caller_reference": "b2ae489b-f766-436b-820b-b07ef2191380",
            "comment": null,
            "custom_error_response": [],
            "default_cache_behavior": [
              {
                "allowed_methods": [
                  "GET",
                  "HEAD"
                ],
                "cache_policy_id": "658327ea-f89d-4fab-a63d-7e88639e58f6",
                "cached_methods": [
                  "GET",
                  "HEAD"
                ],
                "compress": true,
                "default_ttl": 0,
                "field_level_encryption_id": "",
                "forwarded_values": [],
                "function_association": [],
                "lambda_function_association": [],
                "max_ttl": 0,
                "min_ttl": 0,
                "origin_request_policy_id": "",
                "realtime_log_config_arn": "",
                "response_headers_policy_id": "",
                "smooth_streaming": false,
                "target_origin_id": "www.eric-j-anderson.com.s3.us-east-2.amazonaws.com",
                "trusted_key_groups": [],
                "trusted_signers": [],
                "viewer_protocol_policy": "redirect-to-https"
              }
            ],
            "default_root_object": "index.html",
            "domain_name": "d9er4lyqypbfs.cloudfront.net",
            "enabled": true,
            "etag": "EWST2NE329IY9",
            "hosted_zone_id": "Z2FDTNDATAQYW2",
            "http_version": "http2",
            "id": "E3DVY02XDMLNPF",
            "in_progress_validation_batches": 0,
            "is_ipv6_enabled": true,
            "last_modified_time": "2023-03-25 05:51:19.407 +0000 UTC",
            "logging_config": [],
            "ordered_cache_behavior": [],
            "origin": [
              {
                "connection_attempts": 3,
                "connection_timeout": 10,
                "custom_header": [],
                "custom_origin_config": [],
                "domain_name": "www.eric-j-anderson.com.s3.us-east-2.amazonaws.com",
                "origin_access_control_id": "EWSTRX9HPAKMN",
                "origin_id": "www.eric-j-anderson.com.s3.us-east-2.amazonaws.com",
                "origin_path": "",
                "origin_shield": [],
                "s3_origin_config": []
              }
            ],
            "origin_group": [],
            "price_class": "PriceClass_100",
            "restrictions": [
              {
                "geo_restriction": [
                  {
                    "locations": [],
                    "restriction_type": "none"
                  }
                ]
              }
            ],
            "retain_on_delete": false,
            "status": "Deployed",
            "tags": {},
            "tags_all": {},
            "trusted_key_groups": [
              {
                "enabled": false,
                "items": []
              }
            ],
            "trusted_signers": [
              {
                "enabled": false,
                "items": []
              }
            ],
            "viewer_certificate": [
              {
                "acm_certificate_arn": "arn:aws:acm:us-east-1:248882477880:certificate/07204c09-2783-40c4-99a5-55a576110727",
                "cloudfront_default_certificate": false,
                "iam_certificate_id": "",
                "minimum_protocol_version": "TLSv1.2_2021",
                "ssl_support_method": "sni-only"
              }
            ],
            "wait_for_deployment": true,
            "web_acl_id": ""
          },
          "sensitive_attributes": [],
          "private": "eyJzY2hlbWFfdmVyc2lvbiI6IjEifQ==",
          "dependencies": [
            "aws_route53_record._hostedzone_z09305453nx937tz4twk0_eric_j_anderson_com__soa",
            "aws_s3_bucket.www_eric_j_anderson_com"
          ]
        }
      ]
    },
    {
      "mode": "managed",
      "type": "aws_cloudfront_origin_access_identity",
      "name": "e191rum7gqyp11",
      "provider": "provider[\"registry.terraform.io/hashicorp/aws\"]",
      "instances": [
        {
          "schema_version": 0,
          "attributes": {
            "caller_reference": "f4f1f321-c75d-4ec7-9eb0-a2316e2c238b",
            "cloudfront_access_identity_path": "origin-access-identity/cloudfront/E191RUM7GQYP11",
            "comment": "access-identity-www.eric-j-anderson.com.s3.us-east-2.amazonaws.com",
            "etag": "E1HCF0LGWGX7RI",
            "iam_arn": "arn:aws:iam::cloudfront:user/CloudFront Origin Access Identity E191RUM7GQYP11",
            "id": "E191RUM7GQYP11",
            "s3_canonical_user_id": "be03fcb475b561fe99e974ee8f5dc8f5d18abe578012ab224ada88ad9269534378f934d2d2457bb5df31c5426db2c5fa"
          },
          "sensitive_attributes": [],
          "private": "eyJzY2hlbWFfdmVyc2lvbiI6MH0="
        }
      ]
    },
    {
      "mode": "managed",
      "type": "aws_cloudwatch_metric_alarm",
      "name": "targettracking_table_cr_visitorcounter_alarmhigh_0c324c92_88c8_47c0_a7d6_629fdb8f6779",
      "provider": "provider[\"registry.terraform.io/hashicorp/aws\"]",
      "instances": [
        {
          "schema_version": 1,
          "attributes": {
            "actions_enabled": true,
            "alarm_actions": [
              "arn:aws:autoscaling:us-east-2:248882477880:scalingPolicy:981ca47f-47dc-490e-977d-70870114e999:resource/dynamodb/table/CR_VisitorCounter:policyName/$CR_VisitorCounter-scaling-policy:createdBy/5951badc-e987-4284-b633-0e8edb09921b"
            ],
            "alarm_description": "DO NOT EDIT OR DELETE. For TargetTrackingScaling policy arn:aws:autoscaling:us-east-2:248882477880:scalingPolicy:981ca47f-47dc-490e-977d-70870114e999:resource/dynamodb/table/CR_VisitorCounter:policyName/$CR_VisitorCounter-scaling-policy:createdBy/5951badc-e987-4284-b633-0e8edb09921b.",
            "alarm_name": "TargetTracking-table/CR_VisitorCounter-AlarmHigh-0c324c92-88c8-47c0-a7d6-629fdb8f6779",
            "arn": "arn:aws:cloudwatch:us-east-2:248882477880:alarm:TargetTracking-table/CR_VisitorCounter-AlarmHigh-0c324c92-88c8-47c0-a7d6-629fdb8f6779",
            "comparison_operator": "GreaterThanThreshold",
            "datapoints_to_alarm": 0,
            "dimensions": {
              "TableName": "CR_VisitorCounter"
            },
            "evaluate_low_sample_count_percentiles": "",
            "evaluation_periods": 2,
            "extended_statistic": "",
            "id": "TargetTracking-table/CR_VisitorCounter-AlarmHigh-0c324c92-88c8-47c0-a7d6-629fdb8f6779",
            "insufficient_data_actions": [],
            "metric_name": "ConsumedWriteCapacityUnits",
            "metric_query": [],
            "namespace": "AWS/DynamoDB",
            "ok_actions": [],
            "period": 60,
            "statistic": "Sum",
            "tags": {},
            "tags_all": {},
            "threshold": 42,
            "threshold_metric_id": "",
            "treat_missing_data": "missing",
            "unit": ""
          },
          "sensitive_attributes": [],
          "private": "eyJzY2hlbWFfdmVyc2lvbiI6MX0=",
          "dependencies": [
            "aws_dynamodb_table.cr_visitorcounter"
          ]
        }
      ]
    },
    {
      "mode": "managed",
      "type": "aws_cloudwatch_metric_alarm",
      "name": "targettracking_table_cr_visitorcounter_alarmhigh_56b30b4d_7878_47ca_8394_c6c8798911c7",
      "provider": "provider[\"registry.terraform.io/hashicorp/aws\"]",
      "instances": [
        {
          "schema_version": 1,
          "attributes": {
            "actions_enabled": true,
            "alarm_actions": [
              "arn:aws:autoscaling:us-east-2:248882477880:scalingPolicy:048eda8f-ea44-44fa-891c-552ca35d5e58:resource/dynamodb/table/CR_VisitorCounter:policyName/$CR_VisitorCounter-scaling-policy:createdBy/8afdf799-4a8f-44c3-b343-b64e03a59202"
            ],
            "alarm_description": "DO NOT EDIT OR DELETE. For TargetTrackingScaling policy arn:aws:autoscaling:us-east-2:248882477880:scalingPolicy:048eda8f-ea44-44fa-891c-552ca35d5e58:resource/dynamodb/table/CR_VisitorCounter:policyName/$CR_VisitorCounter-scaling-policy:createdBy/8afdf799-4a8f-44c3-b343-b64e03a59202.",
            "alarm_name": "TargetTracking-table/CR_VisitorCounter-AlarmHigh-56b30b4d-7878-47ca-8394-c6c8798911c7",
            "arn": "arn:aws:cloudwatch:us-east-2:248882477880:alarm:TargetTracking-table/CR_VisitorCounter-AlarmHigh-56b30b4d-7878-47ca-8394-c6c8798911c7",
            "comparison_operator": "GreaterThanThreshold",
            "datapoints_to_alarm": 0,
            "dimensions": {
              "TableName": "CR_VisitorCounter"
            },
            "evaluate_low_sample_count_percentiles": "",
            "evaluation_periods": 2,
            "extended_statistic": "",
            "id": "TargetTracking-table/CR_VisitorCounter-AlarmHigh-56b30b4d-7878-47ca-8394-c6c8798911c7",
            "insufficient_data_actions": [],
            "metric_name": "ConsumedReadCapacityUnits",
            "metric_query": [],
            "namespace": "AWS/DynamoDB",
            "ok_actions": [],
            "period": 60,
            "statistic": "Sum",
            "tags": {},
            "tags_all": {},
            "threshold": 42,
            "threshold_metric_id": "",
            "treat_missing_data": "missing",
            "unit": ""
          },
          "sensitive_attributes": [],
          "private": "eyJzY2hlbWFfdmVyc2lvbiI6MX0=",
          "dependencies": [
            "aws_dynamodb_table.cr_visitorcounter"
          ]
        }
      ]
    },
    {
      "mode": "managed",
      "type": "aws_cloudwatch_metric_alarm",
      "name": "targettracking_table_cr_visitorcounter_provisionedcapacityhigh_156d418b_005d_4d33_87f3_54ed10b7643a",
      "provider": "provider[\"registry.terraform.io/hashicorp/aws\"]",
      "instances": [
        {
          "schema_version": 1,
          "attributes": {
            "actions_enabled": true,
            "alarm_actions": [
              "arn:aws:autoscaling:us-east-2:248882477880:scalingPolicy:048eda8f-ea44-44fa-891c-552ca35d5e58:resource/dynamodb/table/CR_VisitorCounter:policyName/$CR_VisitorCounter-scaling-policy:createdBy/8afdf799-4a8f-44c3-b343-b64e03a59202"
            ],
            "alarm_description": "DO NOT EDIT OR DELETE. For TargetTrackingScaling policy arn:aws:autoscaling:us-east-2:248882477880:scalingPolicy:048eda8f-ea44-44fa-891c-552ca35d5e58:resource/dynamodb/table/CR_VisitorCounter:policyName/$CR_VisitorCounter-scaling-policy:createdBy/8afdf799-4a8f-44c3-b343-b64e03a59202.",
            "alarm_name": "TargetTracking-table/CR_VisitorCounter-ProvisionedCapacityHigh-156d418b-005d-4d33-87f3-54ed10b7643a",
            "arn": "arn:aws:cloudwatch:us-east-2:248882477880:alarm:TargetTracking-table/CR_VisitorCounter-ProvisionedCapacityHigh-156d418b-005d-4d33-87f3-54ed10b7643a",
            "comparison_operator": "GreaterThanThreshold",
            "datapoints_to_alarm": 0,
            "dimensions": {
              "TableName": "CR_VisitorCounter"
            },
            "evaluate_low_sample_count_percentiles": "",
            "evaluation_periods": 3,
            "extended_statistic": "",
            "id": "TargetTracking-table/CR_VisitorCounter-ProvisionedCapacityHigh-156d418b-005d-4d33-87f3-54ed10b7643a",
            "insufficient_data_actions": [],
            "metric_name": "ProvisionedReadCapacityUnits",
            "metric_query": [],
            "namespace": "AWS/DynamoDB",
            "ok_actions": [],
            "period": 300,
            "statistic": "Average",
            "tags": {},
            "tags_all": {},
            "threshold": 1,
            "threshold_metric_id": "",
            "treat_missing_data": "missing",
            "unit": ""
          },
          "sensitive_attributes": [],
          "private": "eyJzY2hlbWFfdmVyc2lvbiI6MX0=",
          "dependencies": [
            "aws_dynamodb_table.cr_visitorcounter"
          ]
        }
      ]
    },
    {
      "mode": "managed",
      "type": "aws_cloudwatch_metric_alarm",
      "name": "targettracking_table_cr_visitorcounter_provisionedcapacityhigh_e97b88d6_df45_46eb_bb56_8b8f5b47efd7",
      "provider": "provider[\"registry.terraform.io/hashicorp/aws\"]",
      "instances": [
        {
          "schema_version": 1,
          "attributes": {
            "actions_enabled": true,
            "alarm_actions": [
              "arn:aws:autoscaling:us-east-2:248882477880:scalingPolicy:981ca47f-47dc-490e-977d-70870114e999:resource/dynamodb/table/CR_VisitorCounter:policyName/$CR_VisitorCounter-scaling-policy:createdBy/5951badc-e987-4284-b633-0e8edb09921b"
            ],
            "alarm_description": "DO NOT EDIT OR DELETE. For TargetTrackingScaling policy arn:aws:autoscaling:us-east-2:248882477880:scalingPolicy:981ca47f-47dc-490e-977d-70870114e999:resource/dynamodb/table/CR_VisitorCounter:policyName/$CR_VisitorCounter-scaling-policy:createdBy/5951badc-e987-4284-b633-0e8edb09921b.",
            "alarm_name": "TargetTracking-table/CR_VisitorCounter-ProvisionedCapacityHigh-e97b88d6-df45-46eb-bb56-8b8f5b47efd7",
            "arn": "arn:aws:cloudwatch:us-east-2:248882477880:alarm:TargetTracking-table/CR_VisitorCounter-ProvisionedCapacityHigh-e97b88d6-df45-46eb-bb56-8b8f5b47efd7",
            "comparison_operator": "GreaterThanThreshold",
            "datapoints_to_alarm": 0,
            "dimensions": {
              "TableName": "CR_VisitorCounter"
            },
            "evaluate_low_sample_count_percentiles": "",
            "evaluation_periods": 3,
            "extended_statistic": "",
            "id": "TargetTracking-table/CR_VisitorCounter-ProvisionedCapacityHigh-e97b88d6-df45-46eb-bb56-8b8f5b47efd7",
            "insufficient_data_actions": [],
            "metric_name": "ProvisionedWriteCapacityUnits",
            "metric_query": [],
            "namespace": "AWS/DynamoDB",
            "ok_actions": [],
            "period": 300,
            "statistic": "Average",
            "tags": {},
            "tags_all": {},
            "threshold": 1,
            "threshold_metric_id": "",
            "treat_missing_data": "missing",
            "unit": ""
          },
          "sensitive_attributes": [],
          "private": "eyJzY2hlbWFfdmVyc2lvbiI6MX0=",
          "dependencies": [
            "aws_dynamodb_table.cr_visitorcounter"
          ]
        }
      ]
    },
    {
      "mode": "managed",
      "type": "aws_cloudwatch_metric_alarm",
      "name": "targettracking_table_cr_visitorcounter_provisionedcapacitylow_13743002_c646_4e8f_88c5_8b88bfd60640",
      "provider": "provider[\"registry.terraform.io/hashicorp/aws\"]",
      "instances": [
        {
          "schema_version": 1,
          "attributes": {
            "actions_enabled": true,
            "alarm_actions": [
              "arn:aws:autoscaling:us-east-2:248882477880:scalingPolicy:981ca47f-47dc-490e-977d-70870114e999:resource/dynamodb/table/CR_VisitorCounter:policyName/$CR_VisitorCounter-scaling-policy:createdBy/5951badc-e987-4284-b633-0e8edb09921b"
            ],
            "alarm_description": "DO NOT EDIT OR DELETE. For TargetTrackingScaling policy arn:aws:autoscaling:us-east-2:248882477880:scalingPolicy:981ca47f-47dc-490e-977d-70870114e999:resource/dynamodb/table/CR_VisitorCounter:policyName/$CR_VisitorCounter-scaling-policy:createdBy/5951badc-e987-4284-b633-0e8edb09921b.",
            "alarm_name": "TargetTracking-table/CR_VisitorCounter-ProvisionedCapacityLow-13743002-c646-4e8f-88c5-8b88bfd60640",
            "arn": "arn:aws:cloudwatch:us-east-2:248882477880:alarm:TargetTracking-table/CR_VisitorCounter-ProvisionedCapacityLow-13743002-c646-4e8f-88c5-8b88bfd60640",
            "comparison_operator": "LessThanThreshold",
            "datapoints_to_alarm": 0,
            "dimensions": {
              "TableName": "CR_VisitorCounter"
            },
            "evaluate_low_sample_count_percentiles": "",
            "evaluation_periods": 3,
            "extended_statistic": "",
            "id": "TargetTracking-table/CR_VisitorCounter-ProvisionedCapacityLow-13743002-c646-4e8f-88c5-8b88bfd60640",
            "insufficient_data_actions": [],
            "metric_name": "ProvisionedWriteCapacityUnits",
            "metric_query": [],
            "namespace": "AWS/DynamoDB",
            "ok_actions": [],
            "period": 300,
            "statistic": "Average",
            "tags": {},
            "tags_all": {},
            "threshold": 1,
            "threshold_metric_id": "",
            "treat_missing_data": "missing",
            "unit": ""
          },
          "sensitive_attributes": [],
          "private": "eyJzY2hlbWFfdmVyc2lvbiI6MX0=",
          "dependencies": [
            "aws_dynamodb_table.cr_visitorcounter"
          ]
        }
      ]
    },
    {
      "mode": "managed",
      "type": "aws_cloudwatch_metric_alarm",
      "name": "targettracking_table_cr_visitorcounter_provisionedcapacitylow_716bf193_4383_4512_98c8_40463485a6c2",
      "provider": "provider[\"registry.terraform.io/hashicorp/aws\"]",
      "instances": [
        {
          "schema_version": 1,
          "attributes": {
            "actions_enabled": true,
            "alarm_actions": [
              "arn:aws:autoscaling:us-east-2:248882477880:scalingPolicy:048eda8f-ea44-44fa-891c-552ca35d5e58:resource/dynamodb/table/CR_VisitorCounter:policyName/$CR_VisitorCounter-scaling-policy:createdBy/8afdf799-4a8f-44c3-b343-b64e03a59202"
            ],
            "alarm_description": "DO NOT EDIT OR DELETE. For TargetTrackingScaling policy arn:aws:autoscaling:us-east-2:248882477880:scalingPolicy:048eda8f-ea44-44fa-891c-552ca35d5e58:resource/dynamodb/table/CR_VisitorCounter:policyName/$CR_VisitorCounter-scaling-policy:createdBy/8afdf799-4a8f-44c3-b343-b64e03a59202.",
            "alarm_name": "TargetTracking-table/CR_VisitorCounter-ProvisionedCapacityLow-716bf193-4383-4512-98c8-40463485a6c2",
            "arn": "arn:aws:cloudwatch:us-east-2:248882477880:alarm:TargetTracking-table/CR_VisitorCounter-ProvisionedCapacityLow-716bf193-4383-4512-98c8-40463485a6c2",
            "comparison_operator": "LessThanThreshold",
            "datapoints_to_alarm": 0,
            "dimensions": {
              "TableName": "CR_VisitorCounter"
            },
            "evaluate_low_sample_count_percentiles": "",
            "evaluation_periods": 3,
            "extended_statistic": "",
            "id": "TargetTracking-table/CR_VisitorCounter-ProvisionedCapacityLow-716bf193-4383-4512-98c8-40463485a6c2",
            "insufficient_data_actions": [],
            "metric_name": "ProvisionedReadCapacityUnits",
            "metric_query": [],
            "namespace": "AWS/DynamoDB",
            "ok_actions": [],
            "period": 300,
            "statistic": "Average",
            "tags": {},
            "tags_all": {},
            "threshold": 1,
            "threshold_metric_id": "",
            "treat_missing_data": "missing",
            "unit": ""
          },
          "sensitive_attributes": [],
          "private": "eyJzY2hlbWFfdmVyc2lvbiI6MX0=",
          "dependencies": [
            "aws_dynamodb_table.cr_visitorcounter"
          ]
        }
      ]
    },
    {
      "mode": "managed",
      "type": "aws_dynamodb_table",
      "name": "cr_visitorcounter",
      "provider": "provider[\"registry.terraform.io/hashicorp/aws\"]",
      "instances": [
        {
          "schema_version": 1,
          "attributes": {
            "arn": "arn:aws:dynamodb:us-east-2:248882477880:table/CR_VisitorCounter",
            "attribute": [
              {
                "name": "VisitorCounter",
                "type": "S"
              }
            ],
            "billing_mode": "PROVISIONED",
            "deletion_protection_enabled": false,
            "global_secondary_index": [],
            "hash_key": "VisitorCounter",
            "id": "CR_VisitorCounter",
            "local_secondary_index": [],
            "name": "CR_VisitorCounter",
            "point_in_time_recovery": [
              {
                "enabled": false
              }
            ],
            "range_key": null,
            "read_capacity": 1,
            "replica": [],
            "restore_date_time": null,
            "restore_source_name": null,
            "restore_to_latest_time": null,
            "server_side_encryption": [],
            "stream_arn": "",
            "stream_enabled": false,
            "stream_label": "",
            "stream_view_type": "",
            "table_class": "STANDARD",
            "tags": {},
            "tags_all": {},
            "timeouts": {
              "create": null,
              "delete": null,
              "update": null
            },
            "ttl": [
              {
                "attribute_name": "",
                "enabled": false
              }
            ],
            "write_capacity": 1
          },
          "sensitive_attributes": [],
          "private": "eyJzY2hlbWFfdmVyc2lvbiI6MX0="
        }
      ]
    },
    {
      "mode": "managed",
      "type": "aws_iam_access_key",
      "name": "akiatt4unhm4gnpk3c5j",
      "provider": "provider[\"registry.terraform.io/hashicorp/aws\"]",
      "instances": [
        {
          "schema_version": 0,
          "attributes": {
            "create_date": "2023-02-24T04:21:25Z",
            "encrypted_secret": null,
            "encrypted_ses_smtp_password_v4": null,
            "id": "AKIATT4UNHM4GNPK3C5J",
            "key_fingerprint": null,
            "pgp_key": null,
            "secret": null,
            "ses_smtp_password_v4": null,
            "status": "Active",
            "user": "CLI-Prod-Admin"
          },
          "sensitive_attributes": [],
          "private": "eyJzY2hlbWFfdmVyc2lvbiI6MH0=",
          "dependencies": [
            "aws_api_gateway_resource.ayu3ot44vf_8yct27m244",
            "aws_api_gateway_rest_api.ayu3ot44vf",
            "aws_iam_user.cli_prod_admin"
          ]
        }
      ]
    },
    {
      "mode": "managed",
      "type": "aws_iam_policy",
      "name": "arn_aws_iam__248882477880_policy_service_role_awslambdabasicexecutionrole_5888acac_5428_4c66_9b84_65c8912bed86",
      "provider": "provider[\"registry.terraform.io/hashicorp/aws\"]",
      "instances": [
        {
          "schema_version": 0,
          "attributes": {
            "arn": "arn:aws:iam::248882477880:policy/service-role/AWSLambdaBasicExecutionRole-5888acac-5428-4c66-9b84-65c8912bed86",
            "description": "",
            "id": "arn:aws:iam::248882477880:policy/service-role/AWSLambdaBasicExecutionRole-5888acac-5428-4c66-9b84-65c8912bed86",
            "name": "AWSLambdaBasicExecutionRole-5888acac-5428-4c66-9b84-65c8912bed86",
            "name_prefix": null,
            "path": "/service-role/",
            "policy": "{\"Statement\":[{\"Action\":\"logs:CreateLogGroup\",\"Effect\":\"Allow\",\"Resource\":\"arn:aws:logs:us-east-2:248882477880:*\"},{\"Action\":[\"logs:CreateLogStream\",\"logs:PutLogEvents\"],\"Effect\":\"Allow\",\"Resource\":[\"arn:aws:logs:us-east-2:248882477880:log-group:/aws/lambda/Save_To_Dynamo:*\"]}],\"Version\":\"2012-10-17\"}",
            "policy_id": "ANPATT4UNHM4EKVECZ472",
            "tags": {},
            "tags_all": {}
          },
          "sensitive_attributes": [],
          "private": "eyJzY2hlbWFfdmVyc2lvbiI6MH0="
        }
      ]
    },
    {
      "mode": "managed",
      "type": "aws_iam_role",
      "name": "awsreservedsso_administratoraccess_7cb6bc53ef75b755",
      "provider": "provider[\"registry.terraform.io/hashicorp/aws\"]",
      "instances": [
        {
          "schema_version": 0,
          "attributes": {
            "arn": "arn:aws:iam::248882477880:role/aws-reserved/sso.amazonaws.com/us-east-2/AWSReservedSSO_AdministratorAccess_7cb6bc53ef75b755",
            "assume_role_policy": "{\"Version\":\"2012-10-17\",\"Statement\":[{\"Effect\":\"Allow\",\"Principal\":{\"Federated\":\"arn:aws:iam::248882477880:saml-provider/AWSSSO_d814935c0fe88dfb_DO_NOT_DELETE\"},\"Action\":[\"sts:AssumeRoleWithSAML\",\"sts:TagSession\"],\"Condition\":{\"StringEquals\":{\"SAML:aud\":\"https://signin.aws.amazon.com/saml\"}}}]}",
            "create_date": "2022-12-27T22:29:27Z",
            "description": "",
            "force_detach_policies": false,
            "id": "AWSReservedSSO_AdministratorAccess_7cb6bc53ef75b755",
            "inline_policy": [
              {
                "name": "",
                "policy": ""
              }
            ],
            "managed_policy_arns": [
              "arn:aws:iam::aws:policy/AdministratorAccess"
            ],
            "max_session_duration": 43200,
            "name": "AWSReservedSSO_AdministratorAccess_7cb6bc53ef75b755",
            "name_prefix": "",
            "path": "/aws-reserved/sso.amazonaws.com/us-east-2/",
            "permissions_boundary": null,
            "tags": {},
            "tags_all": {},
            "unique_id": "AROATT4UNHM4J3JL3ZP7U"
          },
          "sensitive_attributes": [],
          "private": "eyJzY2hlbWFfdmVyc2lvbiI6MH0="
        }
      ]
    },
    {
      "mode": "managed",
      "type": "aws_iam_role",
      "name": "awsserviceroleforapigateway",
      "provider": "provider[\"registry.terraform.io/hashicorp/aws\"]",
      "instances": [
        {
          "schema_version": 0,
          "attributes": {
            "arn": "arn:aws:iam::248882477880:role/aws-service-role/ops.apigateway.amazonaws.com/AWSServiceRoleForAPIGateway",
            "assume_role_policy": "{\"Version\":\"2012-10-17\",\"Statement\":[{\"Effect\":\"Allow\",\"Principal\":{\"Service\":\"ops.apigateway.amazonaws.com\"},\"Action\":\"sts:AssumeRole\"}]}",
            "create_date": "2022-12-27T22:48:56Z",
            "description": "The Service Linked Role is used by Amazon API Gateway.",
            "force_detach_policies": false,
            "id": "AWSServiceRoleForAPIGateway",
            "inline_policy": [
              {
                "name": "",
                "policy": ""
              }
            ],
            "managed_policy_arns": [
              "arn:aws:iam::aws:policy/aws-service-role/APIGatewayServiceRolePolicy"
            ],
            "max_session_duration": 3600,
            "name": "AWSServiceRoleForAPIGateway",
            "name_prefix": "",
            "path": "/aws-service-role/ops.apigateway.amazonaws.com/",
            "permissions_boundary": null,
            "tags": {},
            "tags_all": {},
            "unique_id": "AROATT4UNHM4JQ44C3Z6J"
          },
          "sensitive_attributes": [],
          "private": "eyJzY2hlbWFfdmVyc2lvbiI6MH0="
        }
      ]
    },
    {
      "mode": "managed",
      "type": "aws_iam_role",
      "name": "awsserviceroleforapplicationautoscaling_dynamodbtable",
      "provider": "provider[\"registry.terraform.io/hashicorp/aws\"]",
      "instances": [
        {
          "schema_version": 0,
          "attributes": {
            "arn": "arn:aws:iam::248882477880:role/aws-service-role/dynamodb.application-autoscaling.amazonaws.com/AWSServiceRoleForApplicationAutoScaling_DynamoDBTable",
            "assume_role_policy": "{\"Version\":\"2012-10-17\",\"Statement\":[{\"Effect\":\"Allow\",\"Principal\":{\"Service\":\"dynamodb.application-autoscaling.amazonaws.com\"},\"Action\":\"sts:AssumeRole\"}]}",
            "create_date": "2022-12-22T04:12:10Z",
            "description": "",
            "force_detach_policies": false,
            "id": "AWSServiceRoleForApplicationAutoScaling_DynamoDBTable",
            "inline_policy": [
              {
                "name": "",
                "policy": ""
              }
            ],
            "managed_policy_arns": [
              "arn:aws:iam::aws:policy/aws-service-role/AWSApplicationAutoscalingDynamoDBTablePolicy"
            ],
            "max_session_duration": 3600,
            "name": "AWSServiceRoleForApplicationAutoScaling_DynamoDBTable",
            "name_prefix": "",
            "path": "/aws-service-role/dynamodb.application-autoscaling.amazonaws.com/",
            "permissions_boundary": null,
            "tags": {},
            "tags_all": {},
            "unique_id": "AROATT4UNHM4DKOC7DIGY"
          },
          "sensitive_attributes": [],
          "private": "eyJzY2hlbWFfdmVyc2lvbiI6MH0="
        }
      ]
    },
    {
      "mode": "managed",
      "type": "aws_iam_role",
      "name": "awsservicerolefororganizations",
      "provider": "provider[\"registry.terraform.io/hashicorp/aws\"]",
      "instances": [
        {
          "schema_version": 0,
          "attributes": {
            "arn": "arn:aws:iam::248882477880:role/aws-service-role/organizations.amazonaws.com/AWSServiceRoleForOrganizations",
            "assume_role_policy": "{\"Version\":\"2012-10-17\",\"Statement\":[{\"Effect\":\"Allow\",\"Principal\":{\"Service\":\"organizations.amazonaws.com\"},\"Action\":\"sts:AssumeRole\"}]}",
            "create_date": "2022-12-10T02:05:41Z",
            "description": "Service-linked role used by AWS Organizations to enable integration of other AWS services with Organizations.",
            "force_detach_policies": false,
            "id": "AWSServiceRoleForOrganizations",
            "inline_policy": [
              {
                "name": "",
                "policy": ""
              }
            ],
            "managed_policy_arns": [
              "arn:aws:iam::aws:policy/aws-service-role/AWSOrganizationsServiceTrustPolicy"
            ],
            "max_session_duration": 3600,
            "name": "AWSServiceRoleForOrganizations",
            "name_prefix": "",
            "path": "/aws-service-role/organizations.amazonaws.com/",
            "permissions_boundary": null,
            "tags": {},
            "tags_all": {},
            "unique_id": "AROATT4UNHM4CMZ52UNB6"
          },
          "sensitive_attributes": [],
          "private": "eyJzY2hlbWFfdmVyc2lvbiI6MH0="
        }
      ]
    },
    {
      "mode": "managed",
      "type": "aws_iam_role",
      "name": "awsserviceroleforsso",
      "provider": "provider[\"registry.terraform.io/hashicorp/aws\"]",
      "instances": [
        {
          "schema_version": 0,
          "attributes": {
            "arn": "arn:aws:iam::248882477880:role/aws-service-role/sso.amazonaws.com/AWSServiceRoleForSSO",
            "assume_role_policy": "{\"Version\":\"2012-10-17\",\"Statement\":[{\"Effect\":\"Allow\",\"Principal\":{\"Service\":\"sso.amazonaws.com\"},\"Action\":\"sts:AssumeRole\"}]}",
            "create_date": "2022-12-10T19:35:26Z",
            "description": "Service-linked role used by AWS SSO to manage AWS resources, including IAM roles, policies and SAML IdP on your behalf.",
            "force_detach_policies": false,
            "id": "AWSServiceRoleForSSO",
            "inline_policy": [
              {
                "name": "",
                "policy": ""
              }
            ],
            "managed_policy_arns": [
              "arn:aws:iam::aws:policy/aws-service-role/AWSSSOServiceRolePolicy"
            ],
            "max_session_duration": 3600,
            "name": "AWSServiceRoleForSSO",
            "name_prefix": "",
            "path": "/aws-service-role/sso.amazonaws.com/",
            "permissions_boundary": null,
            "tags": {},
            "tags_all": {},
            "unique_id": "AROATT4UNHM4NAOO574SX"
          },
          "sensitive_attributes": [],
          "private": "eyJzY2hlbWFfdmVyc2lvbiI6MH0="
        }
      ]
    },
    {
      "mode": "managed",
      "type": "aws_iam_role",
      "name": "awsserviceroleforsupport",
      "provider": "provider[\"registry.terraform.io/hashicorp/aws\"]",
      "instances": [
        {
          "schema_version": 0,
          "attributes": {
            "arn": "arn:aws:iam::248882477880:role/aws-service-role/support.amazonaws.com/AWSServiceRoleForSupport",
            "assume_role_policy": "{\"Version\":\"2012-10-17\",\"Statement\":[{\"Effect\":\"Allow\",\"Principal\":{\"Service\":\"support.amazonaws.com\"},\"Action\":\"sts:AssumeRole\"}]}",
            "create_date": "2022-12-10T02:05:40Z",
            "description": "Enables resource access for AWS to provide billing, administrative and support services",
            "force_detach_policies": false,
            "id": "AWSServiceRoleForSupport",
            "inline_policy": [
              {
                "name": "",
                "policy": ""
              }
            ],
            "managed_policy_arns": [
              "arn:aws:iam::aws:policy/aws-service-role/AWSSupportServiceRolePolicy"
            ],
            "max_session_duration": 3600,
            "name": "AWSServiceRoleForSupport",
            "name_prefix": "",
            "path": "/aws-service-role/support.amazonaws.com/",
            "permissions_boundary": null,
            "tags": {},
            "tags_all": {},
            "unique_id": "AROATT4UNHM4HKA3TVKOU"
          },
          "sensitive_attributes": [],
          "private": "eyJzY2hlbWFfdmVyc2lvbiI6MH0="
        }
      ]
    },
    {
      "mode": "managed",
      "type": "aws_iam_role",
      "name": "awsservicerolefortrustedadvisor",
      "provider": "provider[\"registry.terraform.io/hashicorp/aws\"]",
      "instances": [
        {
          "schema_version": 0,
          "attributes": {
            "arn": "arn:aws:iam::248882477880:role/aws-service-role/trustedadvisor.amazonaws.com/AWSServiceRoleForTrustedAdvisor",
            "assume_role_policy": "{\"Version\":\"2012-10-17\",\"Statement\":[{\"Effect\":\"Allow\",\"Principal\":{\"Service\":\"trustedadvisor.amazonaws.com\"},\"Action\":\"sts:AssumeRole\"}]}",
            "create_date": "2022-12-10T02:05:40Z",
            "description": "Access for the AWS Trusted Advisor Service to help reduce cost, increase performance, and improve security of your AWS environment.",
            "force_detach_policies": false,
            "id": "AWSServiceRoleForTrustedAdvisor",
            "inline_policy": [
              {
                "name": "",
                "policy": ""
              }
            ],
            "managed_policy_arns": [
              "arn:aws:iam::aws:policy/aws-service-role/AWSTrustedAdvisorServiceRolePolicy"
            ],
            "max_session_duration": 3600,
            "name": "AWSServiceRoleForTrustedAdvisor",
            "name_prefix": "",
            "path": "/aws-service-role/trustedadvisor.amazonaws.com/",
            "permissions_boundary": null,
            "tags": {},
            "tags_all": {},
            "unique_id": "AROATT4UNHM4GF3WKPRRD"
          },
          "sensitive_attributes": [],
          "private": "eyJzY2hlbWFfdmVyc2lvbiI6MH0="
        }
      ]
    },
    {
      "mode": "managed",
      "type": "aws_iam_role",
      "name": "lambda_dynamodb",
      "provider": "provider[\"registry.terraform.io/hashicorp/aws\"]",
      "instances": [
        {
          "schema_version": 0,
          "attributes": {
            "arn": "arn:aws:iam::248882477880:role/Lambda-DynamoDB",
            "assume_role_policy": "{\"Version\":\"2012-10-17\",\"Statement\":[{\"Effect\":\"Allow\",\"Principal\":{\"Service\":\"lambda.amazonaws.com\"},\"Action\":\"sts:AssumeRole\"}]}",
            "create_date": "2023-01-02T01:20:44Z",
            "description": "Allows Lambda functions to call AWS services on your behalf.",
            "force_detach_policies": false,
            "id": "Lambda-DynamoDB",
            "inline_policy": [
              {
                "name": "",
                "policy": ""
              }
            ],
            "managed_policy_arns": [
              "arn:aws:iam::aws:policy/AmazonDynamoDBFullAccess"
            ],
            "max_session_duration": 3600,
            "name": "Lambda-DynamoDB",
            "name_prefix": "",
            "path": "/",
            "permissions_boundary": null,
            "tags": {},
            "tags_all": {},
            "unique_id": "AROATT4UNHM4NDXAHZYAQ"
          },
          "sensitive_attributes": [],
          "private": "eyJzY2hlbWFfdmVyc2lvbiI6MH0=",
          "dependencies": [
            "aws_api_gateway_resource.ayu3ot44vf_8yct27m244",
            "aws_api_gateway_rest_api.ayu3ot44vf"
          ]
        }
      ]
    },
    {
      "mode": "managed",
      "type": "aws_iam_role",
      "name": "organizationaccountaccessrole",
      "provider": "provider[\"registry.terraform.io/hashicorp/aws\"]",
      "instances": [
        {
          "schema_version": 0,
          "attributes": {
            "arn": "arn:aws:iam::248882477880:role/OrganizationAccountAccessRole",
            "assume_role_policy": "{\"Version\":\"2012-10-17\",\"Statement\":[{\"Effect\":\"Allow\",\"Principal\":{\"AWS\":\"arn:aws:iam::425238449318:root\"},\"Action\":\"sts:AssumeRole\"}]}",
            "create_date": "2022-12-10T02:05:40Z",
            "description": "",
            "force_detach_policies": false,
            "id": "OrganizationAccountAccessRole",
            "inline_policy": [
              {
                "name": "",
                "policy": ""
              }
            ],
            "managed_policy_arns": [
              "arn:aws:iam::aws:policy/AdministratorAccess"
            ],
            "max_session_duration": 3600,
            "name": "OrganizationAccountAccessRole",
            "name_prefix": "",
            "path": "/",
            "permissions_boundary": null,
            "tags": {},
            "tags_all": {},
            "unique_id": "AROATT4UNHM4B6UBTIGE6"
          },
          "sensitive_attributes": [],
          "private": "eyJzY2hlbWFfdmVyc2lvbiI6MH0=",
          "dependencies": [
            "aws_api_gateway_resource.ayu3ot44vf_8yct27m244",
            "aws_api_gateway_rest_api.ayu3ot44vf"
          ]
        }
      ]
    },
    {
      "mode": "managed",
      "type": "aws_iam_role",
      "name": "save_to_dynamo_role_m37amhya",
      "provider": "provider[\"registry.terraform.io/hashicorp/aws\"]",
      "instances": [
        {
          "schema_version": 0,
          "attributes": {
            "arn": "arn:aws:iam::248882477880:role/service-role/Save_To_Dynamo-role-m37amhya",
            "assume_role_policy": "{\"Version\":\"2012-10-17\",\"Statement\":[{\"Effect\":\"Allow\",\"Principal\":{\"Service\":\"lambda.amazonaws.com\"},\"Action\":\"sts:AssumeRole\"}]}",
            "create_date": "2022-12-27T22:32:32Z",
            "description": "",
            "force_detach_policies": false,
            "id": "Save_To_Dynamo-role-m37amhya",
            "inline_policy": [
              {
                "name": "",
                "policy": ""
              }
            ],
            "managed_policy_arns": [
              "arn:aws:iam::248882477880:policy/service-role/AWSLambdaBasicExecutionRole-5888acac-5428-4c66-9b84-65c8912bed86"
            ],
            "max_session_duration": 3600,
            "name": "Save_To_Dynamo-role-m37amhya",
            "name_prefix": "",
            "path": "/service-role/",
            "permissions_boundary": null,
            "tags": {},
            "tags_all": {},
            "unique_id": "AROATT4UNHM4LIJMS6EOW"
          },
          "sensitive_attributes": [],
          "private": "eyJzY2hlbWFfdmVyc2lvbiI6MH0=",
          "dependencies": [
            "aws_iam_policy.arn_aws_iam__248882477880_policy_service_role_awslambdabasicexecutionrole_5888acac_5428_4c66_9b84_65c8912bed86"
          ]
        }
      ]
    },
    {
      "mode": "managed",
      "type": "aws_iam_role_policy_attachment",
      "name": "awsreservedsso_administratoraccess_7cb6bc53ef75b755_arn_aws_iam__aws_policy_administratoraccess",
      "provider": "provider[\"registry.terraform.io/hashicorp/aws\"]",
      "instances": [
        {
          "schema_version": 0,
          "attributes": {
            "id": "AWSReservedSSO_AdministratorAccess_7cb6bc53ef75b755-arn:aws:iam::aws:policy/AdministratorAccess",
            "policy_arn": "arn:aws:iam::aws:policy/AdministratorAccess",
            "role": "AWSReservedSSO_AdministratorAccess_7cb6bc53ef75b755"
          },
          "sensitive_attributes": [],
          "private": "eyJzY2hlbWFfdmVyc2lvbiI6MH0=",
          "dependencies": [
            "aws_iam_role.awsreservedsso_administratoraccess_7cb6bc53ef75b755"
          ]
        }
      ]
    },
    {
      "mode": "managed",
      "type": "aws_iam_role_policy_attachment",
      "name": "awsserviceroleforapigateway_arn_aws_iam__aws_policy_aws_service_role_apigatewayservicerolepolicy",
      "provider": "provider[\"registry.terraform.io/hashicorp/aws\"]",
      "instances": [
        {
          "schema_version": 0,
          "attributes": {
            "id": "AWSServiceRoleForAPIGateway-arn:aws:iam::aws:policy/aws-service-role/APIGatewayServiceRolePolicy",
            "policy_arn": "arn:aws:iam::aws:policy/aws-service-role/APIGatewayServiceRolePolicy",
            "role": "AWSServiceRoleForAPIGateway"
          },
          "sensitive_attributes": [],
          "private": "eyJzY2hlbWFfdmVyc2lvbiI6MH0=",
          "dependencies": [
            "aws_iam_role.awsserviceroleforapigateway"
          ]
        }
      ]
    },
    {
      "mode": "managed",
      "type": "aws_iam_role_policy_attachment",
      "name": "awsserviceroleforapplicationautoscaling_dynamodbtable_arn_aws_iam__aws_policy_aws_service_role_awsapplicationautoscalingdynamodbtablepolicy",
      "provider": "provider[\"registry.terraform.io/hashicorp/aws\"]",
      "instances": [
        {
          "schema_version": 0,
          "attributes": {
            "id": "AWSServiceRoleForApplicationAutoScaling_DynamoDBTable-arn:aws:iam::aws:policy/aws-service-role/AWSApplicationAutoscalingDynamoDBTablePolicy",
            "policy_arn": "arn:aws:iam::aws:policy/aws-service-role/AWSApplicationAutoscalingDynamoDBTablePolicy",
            "role": "AWSServiceRoleForApplicationAutoScaling_DynamoDBTable"
          },
          "sensitive_attributes": [],
          "private": "eyJzY2hlbWFfdmVyc2lvbiI6MH0=",
          "dependencies": [
            "aws_iam_role.awsserviceroleforapplicationautoscaling_dynamodbtable"
          ]
        }
      ]
    },
    {
      "mode": "managed",
      "type": "aws_iam_role_policy_attachment",
      "name": "awsservicerolefororganizations_arn_aws_iam__aws_policy_aws_service_role_awsorganizationsservicetrustpolicy",
      "provider": "provider[\"registry.terraform.io/hashicorp/aws\"]",
      "instances": [
        {
          "schema_version": 0,
          "attributes": {
            "id": "AWSServiceRoleForOrganizations-arn:aws:iam::aws:policy/aws-service-role/AWSOrganizationsServiceTrustPolicy",
            "policy_arn": "arn:aws:iam::aws:policy/aws-service-role/AWSOrganizationsServiceTrustPolicy",
            "role": "AWSServiceRoleForOrganizations"
          },
          "sensitive_attributes": [],
          "private": "eyJzY2hlbWFfdmVyc2lvbiI6MH0=",
          "dependencies": [
            "aws_iam_role.awsservicerolefororganizations"
          ]
        }
      ]
    },
    {
      "mode": "managed",
      "type": "aws_iam_role_policy_attachment",
      "name": "awsserviceroleforsso_arn_aws_iam__aws_policy_aws_service_role_awsssoservicerolepolicy",
      "provider": "provider[\"registry.terraform.io/hashicorp/aws\"]",
      "instances": [
        {
          "schema_version": 0,
          "attributes": {
            "id": "AWSServiceRoleForSSO-arn:aws:iam::aws:policy/aws-service-role/AWSSSOServiceRolePolicy",
            "policy_arn": "arn:aws:iam::aws:policy/aws-service-role/AWSSSOServiceRolePolicy",
            "role": "AWSServiceRoleForSSO"
          },
          "sensitive_attributes": [],
          "private": "eyJzY2hlbWFfdmVyc2lvbiI6MH0=",
          "dependencies": [
            "aws_iam_role.awsserviceroleforsso"
          ]
        }
      ]
    },
    {
      "mode": "managed",
      "type": "aws_iam_role_policy_attachment",
      "name": "awsserviceroleforsupport_arn_aws_iam__aws_policy_aws_service_role_awssupportservicerolepolicy",
      "provider": "provider[\"registry.terraform.io/hashicorp/aws\"]",
      "instances": [
        {
          "schema_version": 0,
          "attributes": {
            "id": "AWSServiceRoleForSupport-arn:aws:iam::aws:policy/aws-service-role/AWSSupportServiceRolePolicy",
            "policy_arn": "arn:aws:iam::aws:policy/aws-service-role/AWSSupportServiceRolePolicy",
            "role": "AWSServiceRoleForSupport"
          },
          "sensitive_attributes": [],
          "private": "eyJzY2hlbWFfdmVyc2lvbiI6MH0=",
          "dependencies": [
            "aws_iam_role.awsserviceroleforsupport"
          ]
        }
      ]
    },
    {
      "mode": "managed",
      "type": "aws_iam_role_policy_attachment",
      "name": "awsservicerolefortrustedadvisor_arn_aws_iam__aws_policy_aws_service_role_awstrustedadvisorservicerolepolicy",
      "provider": "provider[\"registry.terraform.io/hashicorp/aws\"]",
      "instances": [
        {
          "schema_version": 0,
          "attributes": {
            "id": "AWSServiceRoleForTrustedAdvisor-arn:aws:iam::aws:policy/aws-service-role/AWSTrustedAdvisorServiceRolePolicy",
            "policy_arn": "arn:aws:iam::aws:policy/aws-service-role/AWSTrustedAdvisorServiceRolePolicy",
            "role": "AWSServiceRoleForTrustedAdvisor"
          },
          "sensitive_attributes": [],
          "private": "eyJzY2hlbWFfdmVyc2lvbiI6MH0=",
          "dependencies": [
            "aws_iam_role.awsservicerolefortrustedadvisor"
          ]
        }
      ]
    },
    {
      "mode": "managed",
      "type": "aws_iam_role_policy_attachment",
      "name": "lambda_dynamodb_arn_aws_iam__aws_policy_amazondynamodbfullaccess",
      "provider": "provider[\"registry.terraform.io/hashicorp/aws\"]",
      "instances": [
        {
          "schema_version": 0,
          "attributes": {
            "id": "Lambda-DynamoDB-arn:aws:iam::aws:policy/AmazonDynamoDBFullAccess",
            "policy_arn": "arn:aws:iam::aws:policy/AmazonDynamoDBFullAccess",
            "role": "Lambda-DynamoDB"
          },
          "sensitive_attributes": [],
          "private": "eyJzY2hlbWFfdmVyc2lvbiI6MH0=",
          "dependencies": [
            "aws_api_gateway_resource.ayu3ot44vf_8yct27m244",
            "aws_api_gateway_rest_api.ayu3ot44vf",
            "aws_iam_role.lambda_dynamodb"
          ]
        }
      ]
    },
    {
      "mode": "managed",
      "type": "aws_iam_role_policy_attachment",
      "name": "organizationaccountaccessrole_arn_aws_iam__aws_policy_administratoraccess",
      "provider": "provider[\"registry.terraform.io/hashicorp/aws\"]",
      "instances": [
        {
          "schema_version": 0,
          "attributes": {
            "id": "OrganizationAccountAccessRole-arn:aws:iam::aws:policy/AdministratorAccess",
            "policy_arn": "arn:aws:iam::aws:policy/AdministratorAccess",
            "role": "OrganizationAccountAccessRole"
          },
          "sensitive_attributes": [],
          "private": "eyJzY2hlbWFfdmVyc2lvbiI6MH0=",
          "dependencies": [
            "aws_api_gateway_resource.ayu3ot44vf_8yct27m244",
            "aws_api_gateway_rest_api.ayu3ot44vf",
            "aws_iam_role.organizationaccountaccessrole"
          ]
        }
      ]
    },
    {
      "mode": "managed",
      "type": "aws_iam_role_policy_attachment",
      "name": "save_to_dynamo_role_m37amhya_arn_aws_iam__248882477880_policy_service_role_awslambdabasicexecutionrole_5888acac_5428_4c66_9b84_65c8912bed86",
      "provider": "provider[\"registry.terraform.io/hashicorp/aws\"]",
      "instances": [
        {
          "schema_version": 0,
          "attributes": {
            "id": "Save_To_Dynamo-role-m37amhya-arn:aws:iam::248882477880:policy/service-role/AWSLambdaBasicExecutionRole-5888acac-5428-4c66-9b84-65c8912bed86",
            "policy_arn": "arn:aws:iam::248882477880:policy/service-role/AWSLambdaBasicExecutionRole-5888acac-5428-4c66-9b84-65c8912bed86",
            "role": "Save_To_Dynamo-role-m37amhya"
          },
          "sensitive_attributes": [],
          "private": "eyJzY2hlbWFfdmVyc2lvbiI6MH0=",
          "dependencies": [
            "aws_iam_policy.arn_aws_iam__248882477880_policy_service_role_awslambdabasicexecutionrole_5888acac_5428_4c66_9b84_65c8912bed86",
            "aws_iam_role.save_to_dynamo_role_m37amhya"
          ]
        }
      ]
    },
    {
      "mode": "managed",
      "type": "aws_iam_saml_provider",
      "name": "arn_aws_iam__248882477880_saml_provider_awssso_d814935c0fe88dfb_do_not_delete",
      "provider": "provider[\"registry.terraform.io/hashicorp/aws\"]",
      "instances": [
        {
          "schema_version": 0,
          "attributes": {
            "arn": "arn:aws:iam::248882477880:saml-provider/AWSSSO_d814935c0fe88dfb_DO_NOT_DELETE",
            "id": "arn:aws:iam::248882477880:saml-provider/AWSSSO_d814935c0fe88dfb_DO_NOT_DELETE",
            "name": "AWSSSO_d814935c0fe88dfb_DO_NOT_DELETE",
            "saml_metadata_document": "\u003c?xml version=\"1.0\" encoding=\"UTF-8\"?\u003e\u003cmd:EntityDescriptor xmlns:md=\"urn:oasis:names:tc:SAML:2.0:metadata\" entityID=\"https://portal.sso.us-east-2.amazonaws.com/saml/assertion/NDI1MjM4NDQ5MzE4X2lucy1hNzQwMTQwMzUzZjQ5Nzgz\"\u003e    \u003cmd:IDPSSODescriptor WantAuthnRequestsSigned=\"false\" protocolSupportEnumeration=\"urn:oasis:names:tc:SAML:2.0:protocol\"\u003e        \u003cmd:KeyDescriptor use=\"signing\"\u003e            \u003cds:KeyInfo xmlns:ds=\"http://www.w3.org/2000/09/xmldsig#\"\u003e                \u003cds:X509Data\u003e                    \u003cds:X509Certificate\u003eMIIDBjCCAe6gAwIBAgIECFuMAzANBgkqhkiG9w0BAQsFADBFMRYwFAYDVQQDDA1hbWF6b25hd3MuY29tMQ0wCwYDVQQLDARJREFTMQ8wDQYDVQQKDAZBbWF6b24xCzAJBgNVBAYTAlVTMB4XDTIyMTIxMDE5NDMzOFoXDTI3MTIxMDE5NDMzOFowRTEWMBQGA1UEAwwNYW1hem9uYXdzLmNvbTENMAsGA1UECwwESURBUzEPMA0GA1UECgwGQW1hem9uMQswCQYDVQQGEwJVUzCCASIwDQYJKoZIhvcNAQEBBQADggEPADCCAQoCggEBAL4Jx2nrH7asREo5I+F/NJtbY6X2BtOAVvRhYbIV4HtlCb4BqGiq3h9gUo4EH2GmY2RwIpkKgmWRFna9ZkRT21QMNMRFz9O88SN+mhHgrVY6/pMk1QwS7aex70pW7NgUJDjnWmbjJPQRXIuLJxkHcHCgL6ULx7lxuWfYkdgsZXFmxL4kN9fBChZQaOKcHgBDnXwsrDpkwqmsHGPSnsW6nnvA1cAsQiO3xQoqX38GKjbjjzyLwK4ASl3NgwH3iBz2Naz6gRiHjXuANnG8xwnmd7EXW2yMMb+aVOFZQ4D7Sa7hg5dddqrfQjRRsiEq9WgXLjTTdrSwagSEM83vWrqpX/MCAwEAATANBgkqhkiG9w0BAQsFAAOCAQEAf82sGKSHqiJVI3zcidBcLMC3cLyf4DrZnD4CYa6SmMnzjG8XANG7ySl3M0dVwNY4X66O82VmrUoA5uKHHyC6PflagjRw1Yozd6vYBoE9d6dIJ2nL/UK1jFwxFr1m+/phTD5yeR9q/lpLIdHuVoLsdUPq6ll9OZW96xCm8jqUZPInLnjaVNC/JwR0D1fEKGnGWuNWTVLNLzjo86BWhm14ylaeoB3wDaa1rgxmnQrHUlKbNTYQjXhj9oWb8/iWCIR8pFBt6j3zTkhMWtmKwb7FgLGxzv+h+695GK9FNh/7N+S5TPXOovBsHRkW4VI819YyaCvg6IJ6bVCXz5/vLljt4g==\u003c/ds:X509Certificate\u003e                \u003c/ds:X509Data\u003e            \u003c/ds:KeyInfo\u003e        \u003c/md:KeyDescriptor\u003e        \u003cmd:SingleLogoutService Binding=\"urn:oasis:names:tc:SAML:2.0:bindings:HTTP-POST\" Location=\"https://portal.sso.us-east-2.amazonaws.com/saml/logout/NDI1MjM4NDQ5MzE4X2lucy1hNzQwMTQwMzUzZjQ5Nzgz\"/\u003e        \u003cmd:SingleLogoutService Binding=\"urn:oasis:names:tc:SAML:2.0:bindings:HTTP-Redirect\" Location=\"https://portal.sso.us-east-2.amazonaws.com/saml/logout/NDI1MjM4NDQ5MzE4X2lucy1hNzQwMTQwMzUzZjQ5Nzgz\"/\u003e        \u003cmd:NameIDFormat\u003eurn:oasis:names:tc:SAML:2.0:nameid-format:persistent\u003c/md:NameIDFormat\u003e        \u003cmd:SingleSignOnService Binding=\"urn:oasis:names:tc:SAML:2.0:bindings:HTTP-POST\" Location=\"https://portal.sso.us-east-2.amazonaws.com/saml/assertion/NDI1MjM4NDQ5MzE4X2lucy1hNzQwMTQwMzUzZjQ5Nzgz\"/\u003e        \u003cmd:SingleSignOnService Binding=\"urn:oasis:names:tc:SAML:2.0:bindings:HTTP-Redirect\" Location=\"https://portal.sso.us-east-2.amazonaws.com/saml/assertion/NDI1MjM4NDQ5MzE4X2lucy1hNzQwMTQwMzUzZjQ5Nzgz\"/\u003e    \u003c/md:IDPSSODescriptor\u003e\u003c/md:EntityDescriptor\u003e",
            "tags": {},
            "tags_all": {},
            "valid_until": "2123-03-25T05:43:39Z"
          },
          "sensitive_attributes": [],
          "private": "bnVsbA=="
        }
      ]
    },
    {
      "mode": "managed",
      "type": "aws_iam_user",
      "name": "cli_prod_admin",
      "provider": "provider[\"registry.terraform.io/hashicorp/aws\"]",
      "instances": [
        {
          "schema_version": 0,
          "attributes": {
            "arn": "arn:aws:iam::248882477880:user/CLI-Prod-Admin",
            "force_destroy": null,
            "id": "CLI-Prod-Admin",
            "name": "CLI-Prod-Admin",
            "path": "/",
            "permissions_boundary": null,
            "tags": {},
            "tags_all": {},
            "unique_id": "AIDATT4UNHM4PONPTDYFY"
          },
          "sensitive_attributes": [],
          "private": "eyJzY2hlbWFfdmVyc2lvbiI6MH0=",
          "dependencies": [
            "aws_api_gateway_resource.ayu3ot44vf_8yct27m244",
            "aws_api_gateway_rest_api.ayu3ot44vf"
          ]
        }
      ]
    },
    {
      "mode": "managed",
      "type": "aws_iam_user_policy_attachment",
      "name": "cli_prod_admin_arn_aws_iam__aws_policy_administratoraccess",
      "provider": "provider[\"registry.terraform.io/hashicorp/aws\"]",
      "instances": [
        {
          "schema_version": 0,
          "attributes": {
            "id": "CLI-Prod-Admin-arn:aws:iam::aws:policy/AdministratorAccess",
            "policy_arn": "arn:aws:iam::aws:policy/AdministratorAccess",
            "user": "CLI-Prod-Admin"
          },
          "sensitive_attributes": [],
          "private": "eyJzY2hlbWFfdmVyc2lvbiI6MH0=",
          "dependencies": [
            "aws_api_gateway_resource.ayu3ot44vf_8yct27m244",
            "aws_api_gateway_rest_api.ayu3ot44vf",
            "aws_iam_user.cli_prod_admin"
          ]
        }
      ]
    },
    {
      "mode": "managed",
      "type": "aws_internet_gateway",
      "name": "igw_00b7146ecb7914fb5",
      "provider": "provider[\"registry.terraform.io/hashicorp/aws\"]",
      "instances": [
        {
          "schema_version": 0,
          "attributes": {
            "arn": "arn:aws:ec2:us-east-2:248882477880:internet-gateway/igw-00b7146ecb7914fb5",
            "id": "igw-00b7146ecb7914fb5",
            "owner_id": "248882477880",
            "tags": {},
            "tags_all": {},
            "timeouts": null,
            "vpc_id": "vpc-05ddd616329ce39ab"
          },
          "sensitive_attributes": [],
          "private": "eyJzY2hlbWFfdmVyc2lvbiI6MH0=",
          "dependencies": [
            "aws_vpc.vpc_05ddd616329ce39ab"
          ]
        }
      ]
    },
    {
      "mode": "managed",
      "type": "aws_lambda_function",
      "name": "save_to_dynamo",
      "provider": "provider[\"registry.terraform.io/hashicorp/aws\"]",
      "instances": [
        {
          "schema_version": 0,
          "attributes": {
            "architectures": [
              "x86_64"
            ],
            "arn": "arn:aws:lambda:us-east-2:248882477880:function:Save_To_Dynamo",
            "code_signing_config_arn": "",
            "dead_letter_config": [],
            "description": "",
            "environment": [
              {
                "variables": {
                  "VC_DB": "CR_VisitorCounter"
                }
              }
            ],
            "ephemeral_storage": [
              {
                "size": 512
              }
            ],
            "file_system_config": [],
            "filename": "./Save_To_Dynamo.zip",
            "function_name": "Save_To_Dynamo",
            "handler": "handler.lambda_handler",
            "id": "Save_To_Dynamo",
            "image_config": [],
            "image_uri": "",
            "invoke_arn": "arn:aws:apigateway:us-east-2:lambda:path/2015-03-31/functions/arn:aws:lambda:us-east-2:248882477880:function:Save_To_Dynamo/invocations",
            "kms_key_arn": "",
            "last_modified": "2023-03-25T05:43:39.000+0000",
            "layers": [],
            "memory_size": 128,
            "package_type": "Zip",
            "publish": false,
            "qualified_arn": "arn:aws:lambda:us-east-2:248882477880:function:Save_To_Dynamo:$LATEST",
            "qualified_invoke_arn": "arn:aws:apigateway:us-east-2:lambda:path/2015-03-31/functions/arn:aws:lambda:us-east-2:248882477880:function:Save_To_Dynamo:$LATEST/invocations",
            "replace_security_groups_on_destroy": null,
            "replacement_security_group_ids": null,
            "reserved_concurrent_executions": -1,
            "role": "arn:aws:iam::248882477880:role/Lambda-DynamoDB",
            "runtime": "python3.9",
            "s3_bucket": null,
            "s3_key": null,
            "s3_object_version": null,
            "signing_job_arn": "",
            "signing_profile_version_arn": "",
            "skip_destroy": false,
            "snap_start": [],
            "source_code_hash": "zmIZ8mz0RRJhzF+Q7Vrs/zq0DCpVBNLU3yUnBeYT4q0=",
            "source_code_size": 1348,
            "tags": {},
            "tags_all": {},
            "timeout": 3,
            "timeouts": null,
            "tracing_config": [
              {
                "mode": "PassThrough"
              }
            ],
            "version": "$LATEST",
            "vpc_config": []
          },
          "sensitive_attributes": [],
          "private": "eyJlMmJmYjczMC1lY2FhLTExZTYtOGY4OC0zNDM2M2JjN2M0YzAiOnsiY3JlYXRlIjo2MDAwMDAwMDAwMDAsImRlbGV0ZSI6NjAwMDAwMDAwMDAwLCJ1cGRhdGUiOjYwMDAwMDAwMDAwMH19",
          "dependencies": [
            "aws_api_gateway_resource.ayu3ot44vf_8yct27m244",
            "aws_api_gateway_rest_api.ayu3ot44vf",
            "aws_dynamodb_table.cr_visitorcounter",
            "aws_iam_role.lambda_dynamodb"
          ]
        }
      ]
    },
    {
      "mode": "managed",
      "type": "aws_route53_record",
      "name": "_hostedzone_z09305453nx937tz4twk0_eric_j_anderson_com__a",
      "provider": "provider[\"registry.terraform.io/hashicorp/aws\"]",
      "instances": [
        {
          "schema_version": 2,
          "attributes": {
            "alias": [
              {
                "evaluate_target_health": false,
                "name": "d9er4lyqypbfs.cloudfront.net",
                "zone_id": "Z2FDTNDATAQYW2"
              }
            ],
            "allow_overwrite": null,
            "cidr_routing_policy": [],
            "failover_routing_policy": [],
            "fqdn": "eric-j-anderson.com",
            "geolocation_routing_policy": [],
            "health_check_id": "",
            "id": "/hostedzone/Z09305453NX937TZ4TWK0_eric-j-anderson.com._A",
            "latency_routing_policy": [],
            "multivalue_answer_routing_policy": false,
            "name": "eric-j-anderson.com",
            "records": [],
            "set_identifier": "",
            "ttl": 0,
            "type": "A",
            "weighted_routing_policy": [],
            "zone_id": "/hostedzone/Z09305453NX937TZ4TWK0"
          },
          "sensitive_attributes": [],
          "private": "eyJzY2hlbWFfdmVyc2lvbiI6Mn0=",
          "dependencies": [
            "aws_cloudfront_distribution.e3dvy02xdmlnpf",
            "aws_route53_record._hostedzone_z09305453nx937tz4twk0_eric_j_anderson_com__soa",
            "aws_route53_zone._hostedzone_z09305453nx937tz4twk0",
            "aws_s3_bucket.www_eric_j_anderson_com"
          ]
        }
      ]
    },
    {
      "mode": "managed",
      "type": "aws_route53_record",
      "name": "_hostedzone_z09305453nx937tz4twk0_eric_j_anderson_com__aaaa",
      "provider": "provider[\"registry.terraform.io/hashicorp/aws\"]",
      "instances": [
        {
          "schema_version": 2,
          "attributes": {
            "alias": [
              {
                "evaluate_target_health": false,
                "name": "d9er4lyqypbfs.cloudfront.net",
                "zone_id": "Z2FDTNDATAQYW2"
              }
            ],
            "allow_overwrite": null,
            "cidr_routing_policy": [],
            "failover_routing_policy": [],
            "fqdn": "eric-j-anderson.com",
            "geolocation_routing_policy": [],
            "health_check_id": "",
            "id": "/hostedzone/Z09305453NX937TZ4TWK0_eric-j-anderson.com._AAAA",
            "latency_routing_policy": [],
            "multivalue_answer_routing_policy": false,
            "name": "eric-j-anderson.com",
            "records": [],
            "set_identifier": "",
            "ttl": 0,
            "type": "AAAA",
            "weighted_routing_policy": [],
            "zone_id": "/hostedzone/Z09305453NX937TZ4TWK0"
          },
          "sensitive_attributes": [],
          "private": "eyJzY2hlbWFfdmVyc2lvbiI6Mn0=",
          "dependencies": [
            "aws_cloudfront_distribution.e3dvy02xdmlnpf",
            "aws_route53_record._hostedzone_z09305453nx937tz4twk0_eric_j_anderson_com__soa",
            "aws_route53_zone._hostedzone_z09305453nx937tz4twk0",
            "aws_s3_bucket.www_eric_j_anderson_com"
          ]
        }
      ]
    },
    {
      "mode": "managed",
      "type": "aws_route53_record",
      "name": "_hostedzone_z09305453nx937tz4twk0_eric_j_anderson_com__ns",
      "provider": "provider[\"registry.terraform.io/hashicorp/aws\"]",
      "instances": [
        {
          "schema_version": 2,
          "attributes": {
            "alias": [],
            "allow_overwrite": null,
            "cidr_routing_policy": [],
            "failover_routing_policy": [],
            "fqdn": "eric-j-anderson.com",
            "geolocation_routing_policy": [],
            "health_check_id": "",
            "id": "/hostedzone/Z09305453NX937TZ4TWK0_eric-j-anderson.com._NS",
            "latency_routing_policy": [],
            "multivalue_answer_routing_policy": false,
            "name": "eric-j-anderson.com",
            "records": [
              "ns-1499.awsdns-59.org.",
              "ns-1826.awsdns-36.co.uk.",
              "ns-306.awsdns-38.com.",
              "ns-574.awsdns-07.net."
            ],
            "set_identifier": "",
            "ttl": 172800,
            "type": "NS",
            "weighted_routing_policy": [],
            "zone_id": "/hostedzone/Z09305453NX937TZ4TWK0"
          },
          "sensitive_attributes": [],
          "private": "eyJzY2hlbWFfdmVyc2lvbiI6Mn0=",
          "dependencies": [
            "aws_route53_zone._hostedzone_z09305453nx937tz4twk0"
          ]
        }
      ]
    },
    {
      "mode": "managed",
      "type": "aws_route53_record",
      "name": "_hostedzone_z09305453nx937tz4twk0_eric_j_anderson_com__soa",
      "provider": "provider[\"registry.terraform.io/hashicorp/aws\"]",
      "instances": [
        {
          "schema_version": 2,
          "attributes": {
            "alias": [],
            "allow_overwrite": null,
            "cidr_routing_policy": [],
            "failover_routing_policy": [],
            "fqdn": "eric-j-anderson.com",
            "geolocation_routing_policy": [],
            "health_check_id": "",
            "id": "/hostedzone/Z09305453NX937TZ4TWK0_eric-j-anderson.com._SOA",
            "latency_routing_policy": [],
            "multivalue_answer_routing_policy": false,
            "name": "eric-j-anderson.com",
            "records": [
              "ns-574.awsdns-07.net. awsdns-hostmaster.amazon.com. 1 7200 900 1209600 86400"
            ],
            "set_identifier": "",
            "ttl": 900,
            "type": "SOA",
            "weighted_routing_policy": [],
            "zone_id": "/hostedzone/Z09305453NX937TZ4TWK0"
          },
          "sensitive_attributes": [],
          "private": "eyJzY2hlbWFfdmVyc2lvbiI6Mn0=",
          "dependencies": [
            "aws_route53_zone._hostedzone_z09305453nx937tz4twk0"
          ]
        }
      ]
    },
    {
      "mode": "managed",
      "type": "aws_route53_resolver_rule_association",
      "name": "rslvr_autodefined_assoc_vpc_05ddd616329ce39ab_internet_resolver",
      "provider": "provider[\"registry.terraform.io/hashicorp/aws\"]",
      "instances": [
        {
          "schema_version": 0,
          "attributes": {
            "id": "rslvr-autodefined-assoc-vpc-05ddd616329ce39ab-internet-resolver",
            "name": "System Rule Association",
            "resolver_rule_id": "rslvr-autodefined-rr-internet-resolver",
            "timeouts": {
              "create": null,
              "delete": null
            },
            "vpc_id": "vpc-05ddd616329ce39ab"
          },
          "sensitive_attributes": [],
          "private": "eyJzY2hlbWFfdmVyc2lvbiI6MH0=",
          "dependencies": [
            "aws_vpc.vpc_05ddd616329ce39ab"
          ]
        }
      ]
    },
    {
      "mode": "managed",
      "type": "aws_route53_zone",
      "name": "_hostedzone_z09305453nx937tz4twk0",
      "provider": "provider[\"registry.terraform.io/hashicorp/aws\"]",
      "instances": [
        {
          "schema_version": 0,
          "attributes": {
            "arn": "arn:aws:route53:::hostedzone//hostedzone/Z09305453NX937TZ4TWK0",
            "comment": "Managed by Terraform",
            "delegation_set_id": "",
            "force_destroy": false,
            "id": "/hostedzone/Z09305453NX937TZ4TWK0",
            "name": "eric-j-anderson.com",
            "name_servers": [
              "ns-1499.awsdns-59.org",
              "ns-1826.awsdns-36.co.uk",
              "ns-306.awsdns-38.com",
              "ns-574.awsdns-07.net"
            ],
            "primary_name_server": "ns-574.awsdns-07.net",
            "tags": {},
            "tags_all": {},
            "vpc": [],
            "zone_id": "Z09305453NX937TZ4TWK0"
          },
          "sensitive_attributes": [],
          "private": "bnVsbA=="
        }
      ]
    },
    {
      "mode": "managed",
      "type": "aws_route_table",
      "name": "rtb_0ee5246c5abe9cf25",
      "provider": "provider[\"registry.terraform.io/hashicorp/aws\"]",
      "instances": [
        {
          "schema_version": 0,
          "attributes": {
            "arn": "arn:aws:ec2:us-east-2:248882477880:route-table/rtb-0ee5246c5abe9cf25",
            "id": "rtb-0ee5246c5abe9cf25",
            "owner_id": "248882477880",
            "propagating_vgws": [],
            "route": [
              {
                "carrier_gateway_id": "",
                "cidr_block": "0.0.0.0/0",
                "core_network_arn": "",
                "destination_prefix_list_id": "",
                "egress_only_gateway_id": "",
                "gateway_id": "igw-00b7146ecb7914fb5",
                "instance_id": "",
                "ipv6_cidr_block": "",
                "local_gateway_id": "",
                "nat_gateway_id": "",
                "network_interface_id": "",
                "transit_gateway_id": "",
                "vpc_endpoint_id": "",
                "vpc_peering_connection_id": ""
              }
            ],
            "tags": {},
            "tags_all": {},
            "timeouts": {
              "create": null,
              "delete": null,
              "update": null
            },
            "vpc_id": "vpc-05ddd616329ce39ab"
          },
          "sensitive_attributes": [],
          "private": "eyJzY2hlbWFfdmVyc2lvbiI6MH0=",
          "dependencies": [
            "aws_internet_gateway.igw_00b7146ecb7914fb5",
            "aws_vpc.vpc_05ddd616329ce39ab"
          ]
        }
      ]
    },
    {
      "mode": "managed",
      "type": "aws_s3_bucket",
      "name": "www_eric_j_anderson_com",
      "provider": "provider[\"registry.terraform.io/hashicorp/aws\"]",
      "instances": [
        {
          "schema_version": 0,
          "attributes": {
            "acceleration_status": "",
            "acl": null,
            "arn": "arn:aws:s3:::www.eric-j-anderson.com",
            "bucket": "www.eric-j-anderson.com",
            "bucket_domain_name": "www.eric-j-anderson.com.s3.amazonaws.com",
            "bucket_prefix": null,
            "bucket_regional_domain_name": "www.eric-j-anderson.com.s3.us-east-2.amazonaws.com",
            "cors_rule": [],
            "force_destroy": null,
            "grant": [
              {
                "id": "9ecd7511398a54a2757d52aa16ef2694522531492439dc04b5780b4bc3dab780",
                "permissions": [
                  "FULL_CONTROL"
                ],
                "type": "CanonicalUser",
                "uri": ""
              }
            ],
            "hosted_zone_id": "Z2O1EMRO9K5GLX",
            "id": "www.eric-j-anderson.com",
            "lifecycle_rule": [],
            "logging": [],
            "object_lock_configuration": [],
            "object_lock_enabled": false,
            "policy": "{\"Version\":\"2008-10-17\",\"Id\":\"PolicyForCloudFrontPrivateContent\",\"Statement\":[{\"Sid\":\"AllowCloudFrontServicePrincipal\",\"Effect\":\"Allow\",\"Principal\":{\"Service\":\"cloudfront.amazonaws.com\"},\"Action\":\"s3:GetObject\",\"Resource\":\"arn:aws:s3:::www.eric-j-anderson.com/*\",\"Condition\":{\"StringEquals\":{\"AWS:SourceArn\":\"arn:aws:cloudfront::248882477880:distribution/E3DVY02XDMLNPF\"}}},{\"Sid\":\"S3-Allow-CLI-Admin\",\"Effect\":\"Allow\",\"Principal\":{\"AWS\":\"arn:aws:iam::425238449318:user/CLI_Admin\"},\"Action\":[\"s3:GetObject\",\"s3:PutObject\",\"s3:PutObjectAcl\"],\"Resource\":\"arn:aws:s3:::www.eric-j-anderson.com/*\"},{\"Sid\":\"S3-Allow-IAMAdmin\",\"Effect\":\"Allow\",\"Principal\":{\"AWS\":\"arn:aws:iam::425238449318:user/IAMAdmin\"},\"Action\":[\"s3:GetObject\",\"s3:PutObject\",\"s3:PutObjectAcl\"],\"Resource\":\"arn:aws:s3:::www.eric-j-anderson.com/*\"}]}",
            "region": "us-east-2",
            "replication_configuration": [],
            "request_payer": "BucketOwner",
            "server_side_encryption_configuration": [
              {
                "rule": [
                  {
                    "apply_server_side_encryption_by_default": [
                      {
                        "kms_master_key_id": "",
                        "sse_algorithm": "AES256"
                      }
                    ],
                    "bucket_key_enabled": false
                  }
                ]
              }
            ],
            "tags": {},
            "tags_all": {},
            "timeouts": null,
            "versioning": [
              {
                "enabled": false,
                "mfa_delete": false
              }
            ],
            "website": [],
            "website_domain": null,
            "website_endpoint": null
          },
          "sensitive_attributes": [],
          "private": "eyJzY2hlbWFfdmVyc2lvbiI6MH0="
        }
      ]
    },
    {
      "mode": "managed",
      "type": "aws_security_group",
      "name": "sg_0a79de319111acb92",
      "provider": "provider[\"registry.terraform.io/hashicorp/aws\"]",
      "instances": [
        {
          "schema_version": 1,
          "attributes": {
            "arn": "arn:aws:ec2:us-east-2:248882477880:security-group/sg-0a79de319111acb92",
            "description": "default VPC security group",
            "egress": [
              {
                "cidr_blocks": [
                  "0.0.0.0/0"
                ],
                "description": "",
                "from_port": 0,
                "ipv6_cidr_blocks": [],
                "prefix_list_ids": [],
                "protocol": "-1",
                "security_groups": [],
                "self": false,
                "to_port": 0
              }
            ],
            "id": "sg-0a79de319111acb92",
            "ingress": [
              {
                "cidr_blocks": [],
                "description": "",
                "from_port": 0,
                "ipv6_cidr_blocks": [],
                "prefix_list_ids": [],
                "protocol": "-1",
                "security_groups": [],
                "self": true,
                "to_port": 0
              }
            ],
            "name": "default",
            "name_prefix": "",
            "owner_id": "248882477880",
            "revoke_rules_on_delete": false,
            "tags": {},
            "tags_all": {},
            "timeouts": null,
            "vpc_id": "vpc-05ddd616329ce39ab"
          },
          "sensitive_attributes": [],
          "private": "eyJlMmJmYjczMC1lY2FhLTExZTYtOGY4OC0zNDM2M2JjN2M0YzAiOnsiY3JlYXRlIjo2MDAwMDAwMDAwMDAsImRlbGV0ZSI6OTAwMDAwMDAwMDAwfSwic2NoZW1hX3ZlcnNpb24iOiIxIn0=",
          "dependencies": [
            "aws_vpc.vpc_05ddd616329ce39ab"
          ]
        }
      ]
    },
    {
      "mode": "managed",
      "type": "aws_subnet",
      "name": "subnet_04ad0951d88b4bb18",
      "provider": "provider[\"registry.terraform.io/hashicorp/aws\"]",
      "instances": [
        {
          "schema_version": 1,
          "attributes": {
            "arn": "arn:aws:ec2:us-east-2:248882477880:subnet/subnet-04ad0951d88b4bb18",
            "assign_ipv6_address_on_creation": false,
            "availability_zone": "us-east-2c",
            "availability_zone_id": "use2-az3",
            "cidr_block": "172.31.32.0/20",
            "customer_owned_ipv4_pool": "",
            "enable_dns64": false,
            "enable_resource_name_dns_a_record_on_launch": false,
            "enable_resource_name_dns_aaaa_record_on_launch": false,
            "id": "subnet-04ad0951d88b4bb18",
            "ipv6_cidr_block": "",
            "ipv6_cidr_block_association_id": "",
            "ipv6_native": false,
            "map_customer_owned_ip_on_launch": false,
            "map_public_ip_on_launch": true,
            "outpost_arn": "",
            "owner_id": "248882477880",
            "private_dns_hostname_type_on_launch": "ip-name",
            "tags": {},
            "tags_all": {},
            "timeouts": {
              "create": null,
              "delete": null
            },
            "vpc_id": "vpc-05ddd616329ce39ab"
          },
          "sensitive_attributes": [],
          "private": "eyJzY2hlbWFfdmVyc2lvbiI6MX0=",
          "dependencies": [
            "aws_vpc.vpc_05ddd616329ce39ab"
          ]
        }
      ]
    },
    {
      "mode": "managed",
      "type": "aws_subnet",
      "name": "subnet_0cfeed43a89fc54e1",
      "provider": "provider[\"registry.terraform.io/hashicorp/aws\"]",
      "instances": [
        {
          "schema_version": 1,
          "attributes": {
            "arn": "arn:aws:ec2:us-east-2:248882477880:subnet/subnet-0cfeed43a89fc54e1",
            "assign_ipv6_address_on_creation": false,
            "availability_zone": "us-east-2b",
            "availability_zone_id": "use2-az2",
            "cidr_block": "172.31.16.0/20",
            "customer_owned_ipv4_pool": "",
            "enable_dns64": false,
            "enable_resource_name_dns_a_record_on_launch": false,
            "enable_resource_name_dns_aaaa_record_on_launch": false,
            "id": "subnet-0cfeed43a89fc54e1",
            "ipv6_cidr_block": "",
            "ipv6_cidr_block_association_id": "",
            "ipv6_native": false,
            "map_customer_owned_ip_on_launch": false,
            "map_public_ip_on_launch": true,
            "outpost_arn": "",
            "owner_id": "248882477880",
            "private_dns_hostname_type_on_launch": "ip-name",
            "tags": {},
            "tags_all": {},
            "timeouts": {
              "create": null,
              "delete": null
            },
            "vpc_id": "vpc-05ddd616329ce39ab"
          },
          "sensitive_attributes": [],
          "private": "eyJzY2hlbWFfdmVyc2lvbiI6MX0=",
          "dependencies": [
            "aws_vpc.vpc_05ddd616329ce39ab"
          ]
        }
      ]
    },
    {
      "mode": "managed",
      "type": "aws_subnet",
      "name": "subnet_0d74c728064e43186",
      "provider": "provider[\"registry.terraform.io/hashicorp/aws\"]",
      "instances": [
        {
          "schema_version": 1,
          "attributes": {
            "arn": "arn:aws:ec2:us-east-2:248882477880:subnet/subnet-0d74c728064e43186",
            "assign_ipv6_address_on_creation": false,
            "availability_zone": "us-east-2a",
            "availability_zone_id": "use2-az1",
            "cidr_block": "172.31.0.0/20",
            "customer_owned_ipv4_pool": "",
            "enable_dns64": false,
            "enable_resource_name_dns_a_record_on_launch": false,
            "enable_resource_name_dns_aaaa_record_on_launch": false,
            "id": "subnet-0d74c728064e43186",
            "ipv6_cidr_block": "",
            "ipv6_cidr_block_association_id": "",
            "ipv6_native": false,
            "map_customer_owned_ip_on_launch": false,
            "map_public_ip_on_launch": true,
            "outpost_arn": "",
            "owner_id": "248882477880",
            "private_dns_hostname_type_on_launch": "ip-name",
            "tags": {},
            "tags_all": {},
            "timeouts": {
              "create": null,
              "delete": null
            },
            "vpc_id": "vpc-05ddd616329ce39ab"
          },
          "sensitive_attributes": [],
          "private": "eyJzY2hlbWFfdmVyc2lvbiI6MX0=",
          "dependencies": [
            "aws_vpc.vpc_05ddd616329ce39ab"
          ]
        }
      ]
    },
    {
      "mode": "managed",
      "type": "aws_vpc",
      "name": "vpc_05ddd616329ce39ab",
      "provider": "provider[\"registry.terraform.io/hashicorp/aws\"]",
      "instances": [
        {
          "schema_version": 1,
          "attributes": {
            "arn": "arn:aws:ec2:us-east-2:248882477880:vpc/vpc-05ddd616329ce39ab",
            "assign_generated_ipv6_cidr_block": false,
            "cidr_block": "172.31.0.0/16",
            "default_network_acl_id": "acl-0d774df205168b9dc",
            "default_route_table_id": "rtb-0ee5246c5abe9cf25",
            "default_security_group_id": "sg-0a79de319111acb92",
            "dhcp_options_id": "dopt-023dd8b1cabf272c9",
            "enable_classiclink": false,
            "enable_classiclink_dns_support": false,
            "enable_dns_hostnames": true,
            "enable_dns_support": true,
            "enable_network_address_usage_metrics": false,
            "id": "vpc-05ddd616329ce39ab",
            "instance_tenancy": "default",
            "ipv4_ipam_pool_id": null,
            "ipv4_netmask_length": null,
            "ipv6_association_id": "",
            "ipv6_cidr_block": "",
            "ipv6_cidr_block_network_border_group": "",
            "ipv6_ipam_pool_id": "",
            "ipv6_netmask_length": 0,
            "main_route_table_id": "rtb-0ee5246c5abe9cf25",
            "owner_id": "248882477880",
            "tags": {},
            "tags_all": {}
          },
          "sensitive_attributes": [],
          "private": "eyJzY2hlbWFfdmVyc2lvbiI6MX0="
        }
      ]
    }
  ],
  "check_results": null
}
